// !$*UTF8*$!
{
	archiveVersion = 1;
	classes = {
	};
	objectVersion = 46;
	objects = {

/* Begin PBXBuildFile section */
		C72C5CCA1E3069B400629EF1 /* main.m in Sources */ = {isa = PBXBuildFile; fileRef = C72C5CC91E3069B400629EF1 /* main.m */; };
		C72C5CCD1E3069B400629EF1 /* AppDelegate.m in Sources */ = {isa = PBXBuildFile; fileRef = C72C5CCC1E3069B400629EF1 /* AppDelegate.m */; };
		C72C5CD01E3069B400629EF1 /* ViewController.m in Sources */ = {isa = PBXBuildFile; fileRef = C72C5CCF1E3069B400629EF1 /* ViewController.m */; };
		C72C5CD31E3069B400629EF1 /* Main.storyboard in Resources */ = {isa = PBXBuildFile; fileRef = C72C5CD11E3069B400629EF1 /* Main.storyboard */; };
		C72C5CD51E3069B400629EF1 /* Assets.xcassets in Resources */ = {isa = PBXBuildFile; fileRef = C72C5CD41E3069B400629EF1 /* Assets.xcassets */; };
		C72C5CD81E3069B400629EF1 /* LaunchScreen.storyboard in Resources */ = {isa = PBXBuildFile; fileRef = C72C5CD61E3069B400629EF1 /* LaunchScreen.storyboard */; };
		C72C5CE31E3069B400629EF1 /* aaaaaaaaaaTests.m in Sources */ = {isa = PBXBuildFile; fileRef = C72C5CE21E3069B400629EF1 /* aaaaaaaaaaTests.m */; };
		C72C5CEE1E3069B400629EF1 /* aaaaaaaaaaUITests.m in Sources */ = {isa = PBXBuildFile; fileRef = C72C5CED1E3069B400629EF1 /* aaaaaaaaaaUITests.m */; };
		C77100E01E330F6F005D13AC /* baseAnimationView.m in Sources */ = {isa = PBXBuildFile; fileRef = C77100DF1E330F6F005D13AC /* baseAnimationView.m */; };
		C77100E31E330FA4005D13AC /* fadeAnimationView.m in Sources */ = {isa = PBXBuildFile; fileRef = C77100E21E330FA4005D13AC /* fadeAnimationView.m */; };
		C77C60FE1E5C5056003721FF /* noUse.m in Sources */ = {isa = PBXBuildFile; fileRef = C77C60FD1E5C5056003721FF /* noUse.m */; };
/* End PBXBuildFile section */

/* Begin PBXContainerItemProxy section */
		C72C5CDF1E3069B400629EF1 /* PBXContainerItemProxy */ = {
			isa = PBXContainerItemProxy;
			containerPortal = C72C5CBD1E3069B400629EF1 /* Project object */;
			proxyType = 1;
			remoteGlobalIDString = C72C5CC41E3069B400629EF1;
			remoteInfo = aaaaaaaaaa;
		};
		C72C5CEA1E3069B400629EF1 /* PBXContainerItemProxy */ = {
			isa = PBXContainerItemProxy;
			containerPortal = C72C5CBD1E3069B400629EF1 /* Project object */;
			proxyType = 1;
			remoteGlobalIDString = C72C5CC41E3069B400629EF1;
			remoteInfo = aaaaaaaaaa;
		};
/* End PBXContainerItemProxy section */

/* Begin PBXFileReference section */
		C72C5CC51E3069B400629EF1 /* aaaaaaaaaa.app */ = {isa = PBXFileReference; explicitFileType = wrapper.application; includeInIndex = 0; path = aaaaaaaaaa.app; sourceTree = BUILT_PRODUCTS_DIR; };
		C72C5CC91E3069B400629EF1 /* main.m */ = {isa = PBXFileReference; lastKnownFileType = sourcecode.c.objc; path = main.m; sourceTree = "<group>"; };
		C72C5CCB1E3069B400629EF1 /* AppDelegate.h */ = {isa = PBXFileReference; lastKnownFileType = sourcecode.c.h; path = AppDelegate.h; sourceTree = "<group>"; };
		C72C5CCC1E3069B400629EF1 /* AppDelegate.m */ = {isa = PBXFileReference; lastKnownFileType = sourcecode.c.objc; path = AppDelegate.m; sourceTree = "<group>"; };
		C72C5CCE1E3069B400629EF1 /* ViewController.h */ = {isa = PBXFileReference; lastKnownFileType = sourcecode.c.h; path = ViewController.h; sourceTree = "<group>"; };
		C72C5CCF1E3069B400629EF1 /* ViewController.m */ = {isa = PBXFileReference; lastKnownFileType = sourcecode.c.objc; path = ViewController.m; sourceTree = "<group>"; };
		C72C5CD21E3069B400629EF1 /* Base */ = {isa = PBXFileReference; lastKnownFileType = file.storyboard; name = Base; path = Base.lproj/Main.storyboard; sourceTree = "<group>"; };
		C72C5CD41E3069B400629EF1 /* Assets.xcassets */ = {isa = PBXFileReference; lastKnownFileType = folder.assetcatalog; path = Assets.xcassets; sourceTree = "<group>"; };
		C72C5CD71E3069B400629EF1 /* Base */ = {isa = PBXFileReference; lastKnownFileType = file.storyboard; name = Base; path = Base.lproj/LaunchScreen.storyboard; sourceTree = "<group>"; };
		C72C5CD91E3069B400629EF1 /* Info.plist */ = {isa = PBXFileReference; lastKnownFileType = text.plist.xml; path = Info.plist; sourceTree = "<group>"; };
		C72C5CDE1E3069B400629EF1 /* aaaaaaaaaaTests.xctest */ = {isa = PBXFileReference; explicitFileType = wrapper.cfbundle; includeInIndex = 0; path = aaaaaaaaaaTests.xctest; sourceTree = BUILT_PRODUCTS_DIR; };
		C72C5CE21E3069B400629EF1 /* aaaaaaaaaaTests.m */ = {isa = PBXFileReference; lastKnownFileType = sourcecode.c.objc; path = aaaaaaaaaaTests.m; sourceTree = "<group>"; };
		C72C5CE41E3069B400629EF1 /* Info.plist */ = {isa = PBXFileReference; lastKnownFileType = text.plist.xml; path = Info.plist; sourceTree = "<group>"; };
		C72C5CE91E3069B400629EF1 /* aaaaaaaaaaUITests.xctest */ = {isa = PBXFileReference; explicitFileType = wrapper.cfbundle; includeInIndex = 0; path = aaaaaaaaaaUITests.xctest; sourceTree = BUILT_PRODUCTS_DIR; };
		C72C5CED1E3069B400629EF1 /* aaaaaaaaaaUITests.m */ = {isa = PBXFileReference; lastKnownFileType = sourcecode.c.objc; path = aaaaaaaaaaUITests.m; sourceTree = "<group>"; };
		C72C5CEF1E3069B400629EF1 /* Info.plist */ = {isa = PBXFileReference; lastKnownFileType = text.plist.xml; path = Info.plist; sourceTree = "<group>"; };
		C77100DE1E330F6F005D13AC /* baseAnimationView.h */ = {isa = PBXFileReference; fileEncoding = 4; lastKnownFileType = sourcecode.c.h; path = baseAnimationView.h; sourceTree = "<group>"; };
		C77100DF1E330F6F005D13AC /* baseAnimationView.m */ = {isa = PBXFileReference; fileEncoding = 4; lastKnownFileType = sourcecode.c.objc; path = baseAnimationView.m; sourceTree = "<group>"; };
		C77100E11E330FA4005D13AC /* fadeAnimationView.h */ = {isa = PBXFileReference; fileEncoding = 4; lastKnownFileType = sourcecode.c.h; path = fadeAnimationView.h; sourceTree = "<group>"; };
		C77100E21E330FA4005D13AC /* fadeAnimationView.m */ = {isa = PBXFileReference; fileEncoding = 4; lastKnownFileType = sourcecode.c.objc; path = fadeAnimationView.m; sourceTree = "<group>"; };
		C77C60FC1E5C5056003721FF /* noUse.h */ = {isa = PBXFileReference; fileEncoding = 4; lastKnownFileType = sourcecode.c.h; path = noUse.h; sourceTree = "<group>"; };
		C77C60FD1E5C5056003721FF /* noUse.m */ = {isa = PBXFileReference; fileEncoding = 4; lastKnownFileType = sourcecode.c.objc; path = noUse.m; sourceTree = "<group>"; };
/* End PBXFileReference section */

/* Begin PBXFrameworksBuildPhase section */
		C72C5CC21E3069B400629EF1 /* Frameworks */ = {
			isa = PBXFrameworksBuildPhase;
			buildActionMask = 2147483647;
			files = (
			);
			runOnlyForDeploymentPostprocessing = 0;
		};
		C72C5CDB1E3069B400629EF1 /* Frameworks */ = {
			isa = PBXFrameworksBuildPhase;
			buildActionMask = 2147483647;
			files = (
			);
			runOnlyForDeploymentPostprocessing = 0;
		};
		C72C5CE61E3069B400629EF1 /* Frameworks */ = {
			isa = PBXFrameworksBuildPhase;
			buildActionMask = 2147483647;
			files = (
			);
			runOnlyForDeploymentPostprocessing = 0;
		};
/* End PBXFrameworksBuildPhase section */

/* Begin PBXGroup section */
		C72C5CBC1E3069B400629EF1 = {
			isa = PBXGroup;
			children = (
				C72C5CC71E3069B400629EF1 /* aaaaaaaaaa */,
				C72C5CE11E3069B400629EF1 /* aaaaaaaaaaTests */,
				C72C5CEC1E3069B400629EF1 /* aaaaaaaaaaUITests */,
				C72C5CC61E3069B400629EF1 /* Products */,
			);
			sourceTree = "<group>";
		};
		C72C5CC61E3069B400629EF1 /* Products */ = {
			isa = PBXGroup;
			children = (
				C72C5CC51E3069B400629EF1 /* aaaaaaaaaa.app */,
				C72C5CDE1E3069B400629EF1 /* aaaaaaaaaaTests.xctest */,
				C72C5CE91E3069B400629EF1 /* aaaaaaaaaaUITests.xctest */,
			);
			name = Products;
			sourceTree = "<group>";
		};
		C72C5CC71E3069B400629EF1 /* aaaaaaaaaa */ = {
			isa = PBXGroup;
			children = (
				C72C5CCB1E3069B400629EF1 /* AppDelegate.h */,
				C72C5CCC1E3069B400629EF1 /* AppDelegate.m */,
				C72C5CCE1E3069B400629EF1 /* ViewController.h */,
				C72C5CCF1E3069B400629EF1 /* ViewController.m */,
				C77100DE1E330F6F005D13AC /* baseAnimationView.h */,
				C77100DF1E330F6F005D13AC /* baseAnimationView.m */,
				C77100E11E330FA4005D13AC /* fadeAnimationView.h */,
				C77100E21E330FA4005D13AC /* fadeAnimationView.m */,
				C77C60FC1E5C5056003721FF /* noUse.h */,
				C77C60FD1E5C5056003721FF /* noUse.m */,
				C72C5CD11E3069B400629EF1 /* Main.storyboard */,
				C72C5CD41E3069B400629EF1 /* Assets.xcassets */,
				C72C5CD61E3069B400629EF1 /* LaunchScreen.storyboard */,
				C72C5CD91E3069B400629EF1 /* Info.plist */,
				C72C5CC81E3069B400629EF1 /* Supporting Files */,
			);
			path = aaaaaaaaaa;
			sourceTree = "<group>";
		};
		C72C5CC81E3069B400629EF1 /* Supporting Files */ = {
			isa = PBXGroup;
			children = (
				C72C5CC91E3069B400629EF1 /* main.m */,
			);
			name = "Supporting Files";
			sourceTree = "<group>";
		};
		C72C5CE11E3069B400629EF1 /* aaaaaaaaaaTests */ = {
			isa = PBXGroup;
			children = (
				C72C5CE21E3069B400629EF1 /* aaaaaaaaaaTests.m */,
				C72C5CE41E3069B400629EF1 /* Info.plist */,
			);
			path = aaaaaaaaaaTests;
			sourceTree = "<group>";
		};
		C72C5CEC1E3069B400629EF1 /* aaaaaaaaaaUITests */ = {
			isa = PBXGroup;
			children = (
				C72C5CED1E3069B400629EF1 /* aaaaaaaaaaUITests.m */,
				C72C5CEF1E3069B400629EF1 /* Info.plist */,
			);
			path = aaaaaaaaaaUITests;
			sourceTree = "<group>";
		};
/* End PBXGroup section */

/* Begin PBXNativeTarget section */
		C72C5CC41E3069B400629EF1 /* aaaaaaaaaa */ = {
			isa = PBXNativeTarget;
			buildConfigurationList = C72C5CF21E3069B400629EF1 /* Build configuration list for PBXNativeTarget "aaaaaaaaaa" */;
			buildPhases = (
				C72C5CC11E3069B400629EF1 /* Sources */,
				C72C5CC21E3069B400629EF1 /* Frameworks */,
				C72C5CC31E3069B400629EF1 /* Resources */,
			);
			buildRules = (
			);
			dependencies = (
			);
			name = aaaaaaaaaa;
			productName = aaaaaaaaaa;
			productReference = C72C5CC51E3069B400629EF1 /* aaaaaaaaaa.app */;
			productType = "com.apple.product-type.application";
		};
		C72C5CDD1E3069B400629EF1 /* aaaaaaaaaaTests */ = {
			isa = PBXNativeTarget;
			buildConfigurationList = C72C5CF51E3069B400629EF1 /* Build configuration list for PBXNativeTarget "aaaaaaaaaaTests" */;
			buildPhases = (
				C72C5CDA1E3069B400629EF1 /* Sources */,
				C72C5CDB1E3069B400629EF1 /* Frameworks */,
				C72C5CDC1E3069B400629EF1 /* Resources */,
			);
			buildRules = (
			);
			dependencies = (
				C72C5CE01E3069B400629EF1 /* PBXTargetDependency */,
			);
			name = aaaaaaaaaaTests;
			productName = aaaaaaaaaaTests;
			productReference = C72C5CDE1E3069B400629EF1 /* aaaaaaaaaaTests.xctest */;
			productType = "com.apple.product-type.bundle.unit-test";
		};
		C72C5CE81E3069B400629EF1 /* aaaaaaaaaaUITests */ = {
			isa = PBXNativeTarget;
			buildConfigurationList = C72C5CF81E3069B400629EF1 /* Build configuration list for PBXNativeTarget "aaaaaaaaaaUITests" */;
			buildPhases = (
				C72C5CE51E3069B400629EF1 /* Sources */,
				C72C5CE61E3069B400629EF1 /* Frameworks */,
				C72C5CE71E3069B400629EF1 /* Resources */,
			);
			buildRules = (
			);
			dependencies = (
				C72C5CEB1E3069B400629EF1 /* PBXTargetDependency */,
			);
			name = aaaaaaaaaaUITests;
			productName = aaaaaaaaaaUITests;
			productReference = C72C5CE91E3069B400629EF1 /* aaaaaaaaaaUITests.xctest */;
			productType = "com.apple.product-type.bundle.ui-testing";
		};
/* End PBXNativeTarget section */

/* Begin PBXProject section */
		C72C5CBD1E3069B400629EF1 /* Project object */ = {
			isa = PBXProject;
			attributes = {
				LastUpgradeCheck = 0810;
				ORGANIZATIONNAME = tag02;
				TargetAttributes = {
					C72C5CC41E3069B400629EF1 = {
						CreatedOnToolsVersion = 8.1;
						ProvisioningStyle = Automatic;
					};
					C72C5CDD1E3069B400629EF1 = {
						CreatedOnToolsVersion = 8.1;
						ProvisioningStyle = Automatic;
						TestTargetID = C72C5CC41E3069B400629EF1;
					};
					C72C5CE81E3069B400629EF1 = {
						CreatedOnToolsVersion = 8.1;
						ProvisioningStyle = Automatic;
						TestTargetID = C72C5CC41E3069B400629EF1;
					};
				};
			};
			buildConfigurationList = C72C5CC01E3069B400629EF1 /* Build configuration list for PBXProject "aaaaaaaaaa" */;
			compatibilityVersion = "Xcode 3.2";
			developmentRegion = English;
			hasScannedForEncodings = 0;
			knownRegions = (
				en,
				Base,
			);
			mainGroup = C72C5CBC1E3069B400629EF1;
			productRefGroup = C72C5CC61E3069B400629EF1 /* Products */;
			projectDirPath = "";
			projectRoot = "";
			targets = (
				C72C5CC41E3069B400629EF1 /* aaaaaaaaaa */,
				C72C5CDD1E3069B400629EF1 /* aaaaaaaaaaTests */,
				C72C5CE81E3069B400629EF1 /* aaaaaaaaaaUITests */,
			);
		};
/* End PBXProject section */

/* Begin PBXResourcesBuildPhase section */
		C72C5CC31E3069B400629EF1 /* Resources */ = {
			isa = PBXResourcesBuildPhase;
			buildActionMask = 2147483647;
			files = (
				C72C5CD81E3069B400629EF1 /* LaunchScreen.storyboard in Resources */,
				C72C5CD51E3069B400629EF1 /* Assets.xcassets in Resources */,
				C72C5CD31E3069B400629EF1 /* Main.storyboard in Resources */,
			);
			runOnlyForDeploymentPostprocessing = 0;
		};
		C72C5CDC1E3069B400629EF1 /* Resources */ = {
			isa = PBXResourcesBuildPhase;
			buildActionMask = 2147483647;
			files = (
			);
			runOnlyForDeploymentPostprocessing = 0;
		};
		C72C5CE71E3069B400629EF1 /* Resources */ = {
			isa = PBXResourcesBuildPhase;
			buildActionMask = 2147483647;
			files = (
			);
			runOnlyForDeploymentPostprocessing = 0;
		};
/* End PBXResourcesBuildPhase section */

/* Begin PBXSourcesBuildPhase section */
		C72C5CC11E3069B400629EF1 /* Sources */ = {
			isa = PBXSourcesBuildPhase;
			buildActionMask = 2147483647;
			files = (
				C77C60FE1E5C5056003721FF /* noUse.m in Sources */,
				C77100E31E330FA4005D13AC /* fadeAnimationView.m in Sources */,
				C77100E01E330F6F005D13AC /* baseAnimationView.m in Sources */,
				C72C5CD01E3069B400629EF1 /* ViewController.m in Sources */,
				C72C5CCD1E3069B400629EF1 /* AppDelegate.m in Sources */,
				C72C5CCA1E3069B400629EF1 /* main.m in Sources */,
			);
			runOnlyForDeploymentPostprocessing = 0;
		};
		C72C5CDA1E3069B400629EF1 /* Sources */ = {
			isa = PBXSourcesBuildPhase;
			buildActionMask = 2147483647;
			files = (
				C72C5CE31E3069B400629EF1 /* aaaaaaaaaaTests.m in Sources */,
			);
			runOnlyForDeploymentPostprocessing = 0;
		};
		C72C5CE51E3069B400629EF1 /* Sources */ = {
			isa = PBXSourcesBuildPhase;
			buildActionMask = 2147483647;
			files = (
				C72C5CEE1E3069B400629EF1 /* aaaaaaaaaaUITests.m in Sources */,
			);
			runOnlyForDeploymentPostprocessing = 0;
		};
/* End PBXSourcesBuildPhase section */

/* Begin PBXTargetDependency section */
		C72C5CE01E3069B400629EF1 /* PBXTargetDependency */ = {
			isa = PBXTargetDependency;
			target = C72C5CC41E3069B400629EF1 /* aaaaaaaaaa */;
			targetProxy = C72C5CDF1E3069B400629EF1 /* PBXContainerItemProxy */;
		};
		C72C5CEB1E3069B400629EF1 /* PBXTargetDependency */ = {
			isa = PBXTargetDependency;
			target = C72C5CC41E3069B400629EF1 /* aaaaaaaaaa */;
			targetProxy = C72C5CEA1E3069B400629EF1 /* PBXContainerItemProxy */;
		};
/* End PBXTargetDependency section */

/* Begin PBXVariantGroup section */
		C72C5CD11E3069B400629EF1 /* Main.storyboard */ = {
			isa = PBXVariantGroup;
			children = (
				C72C5CD21E3069B400629EF1 /* Base */,
			);
			name = Main.storyboard;
			sourceTree = "<group>";
		};
		C72C5CD61E3069B400629EF1 /* LaunchScreen.storyboard */ = {
			isa = PBXVariantGroup;
			children = (
				C72C5CD71E3069B400629EF1 /* Base */,
			);
			name = LaunchScreen.storyboard;
			sourceTree = "<group>";
		};
/* End PBXVariantGroup section */

/* Begin XCBuildConfiguration section */
		C72C5CF01E3069B400629EF1 /* Debug */ = {
			isa = XCBuildConfiguration;
			buildSettings = {
				ALWAYS_SEARCH_USER_PATHS = NO;
				CLANG_ANALYZER_NONNULL = YES;
				CLANG_CXX_LANGUAGE_STANDARD = "gnu++0x";
				CLANG_CXX_LIBRARY = "libc++";
				CLANG_ENABLE_MODULES = YES;
				CLANG_ENABLE_OBJC_ARC = YES;
				CLANG_WARN_BOOL_CONVERSION = YES;
				CLANG_WARN_CONSTANT_CONVERSION = YES;
				CLANG_WARN_DIRECT_OBJC_ISA_USAGE = YES_ERROR;
				CLANG_WARN_DOCUMENTATION_COMMENTS = YES;
				CLANG_WARN_EMPTY_BODY = YES;
				CLANG_WARN_ENUM_CONVERSION = YES;
				CLANG_WARN_INFINITE_RECURSION = YES;
				CLANG_WARN_INT_CONVERSION = YES;
				CLANG_WARN_OBJC_ROOT_CLASS = YES_ERROR;
				CLANG_WARN_SUSPICIOUS_MOVES = YES;
				CLANG_WARN_UNREACHABLE_CODE = YES;
				CLANG_WARN__DUPLICATE_METHOD_MATCH = YES;
				"CODE_SIGN_IDENTITY[sdk=iphoneos*]" = "iPhone Developer";
				COPY_PHASE_STRIP = NO;
				DEBUG_INFORMATION_FORMAT = dwarf;
				ENABLE_STRICT_OBJC_MSGSEND = YES;
				ENABLE_TESTABILITY = YES;
				GCC_C_LANGUAGE_STANDARD = gnu99;
				GCC_DYNAMIC_NO_PIC = NO;
				GCC_NO_COMMON_BLOCKS = YES;
				GCC_OPTIMIZATION_LEVEL = 0;
				GCC_PREPROCESSOR_DEFINITIONS = (
					"DEBUG=1",
					"$(inherited)",
				);
				GCC_WARN_64_TO_32_BIT_CONVERSION = YES;
				GCC_WARN_ABOUT_RETURN_TYPE = YES_ERROR;
				GCC_WARN_UNDECLARED_SELECTOR = YES;
				GCC_WARN_UNINITIALIZED_AUTOS = YES_AGGRESSIVE;
				GCC_WARN_UNUSED_FUNCTION = YES;
				GCC_WARN_UNUSED_VARIABLE = YES;
				IPHONEOS_DEPLOYMENT_TARGET = 10.1;
				MTL_ENABLE_DEBUG_INFO = YES;
				ONLY_ACTIVE_ARCH = YES;
				SDKROOT = iphoneos;
				TARGETED_DEVICE_FAMILY = "1,2";
			};
			name = Debug;
		};
		C72C5CF11E3069B400629EF1 /* Release */ = {
			isa = XCBuildConfiguration;
			buildSettings = {
				ALWAYS_SEARCH_USER_PATHS = NO;
				CLANG_ANALYZER_NONNULL = YES;
				CLANG_CXX_LANGUAGE_STANDARD = "gnu++0x";
				CLANG_CXX_LIBRARY = "libc++";
				CLANG_ENABLE_MODULES = YES;
				CLANG_ENABLE_OBJC_ARC = YES;
				CLANG_WARN_BOOL_CONVERSION = YES;
				CLANG_WARN_CONSTANT_CONVERSION = YES;
				CLANG_WARN_DIRECT_OBJC_ISA_USAGE = YES_ERROR;
				CLANG_WARN_DOCUMENTATION_COMMENTS = YES;
				CLANG_WARN_EMPTY_BODY = YES;
				CLANG_WARN_ENUM_CONVERSION = YES;
				CLANG_WARN_INFINITE_RECURSION = YES;
				CLANG_WARN_INT_CONVERSION = YES;
				CLANG_WARN_OBJC_ROOT_CLASS = YES_ERROR;
				CLANG_WARN_SUSPICIOUS_MOVES = YES;
				CLANG_WARN_UNREACHABLE_CODE = YES;
				CLANG_WARN__DUPLICATE_METHOD_MATCH = YES;
				"CODE_SIGN_IDENTITY[sdk=iphoneos*]" = "iPhone Developer";
				COPY_PHASE_STRIP = NO;
				DEBUG_INFORMATION_FORMAT = "dwarf-with-dsym";
				ENABLE_NS_ASSERTIONS = NO;
				ENABLE_STRICT_OBJC_MSGSEND = YES;
				GCC_C_LANGUAGE_STANDARD = gnu99;
				GCC_NO_COMMON_BLOCKS = YES;
				GCC_WARN_64_TO_32_BIT_CONVERSION = YES;
				GCC_WARN_ABOUT_RETURN_TYPE = YES_ERROR;
				GCC_WARN_UNDECLARED_SELECTOR = YES;
				GCC_WARN_UNINITIALIZED_AUTOS = YES_AGGRESSIVE;
				GCC_WARN_UNUSED_FUNCTION = YES;
				GCC_WARN_UNUSED_VARIABLE = YES;
				IPHONEOS_DEPLOYMENT_TARGET = 10.1;
				MTL_ENABLE_DEBUG_INFO = NO;
				SDKROOT = iphoneos;
				TARGETED_DEVICE_FAMILY = "1,2";
				VALIDATE_PRODUCT = YES;
			};
			name = Release;
		};
		C72C5CF31E3069B400629EF1 /* Debug */ = {
			isa = XCBuildConfiguration;
			buildSettings = {
				ASSETCATALOG_COMPILER_APPICON_NAME = AppIcon;
				INFOPLIST_FILE = aaaaaaaaaa/Info.plist;
				LD_RUNPATH_SEARCH_PATHS = "$(inherited) @executable_path/Frameworks";
				PRODUCT_BUNDLE_IDENTIFIER = S.aaaaaaaaaa;
				PRODUCT_NAME = "$(TARGET_NAME)";
			};
			name = Debug;
		};
		C72C5CF41E3069B400629EF1 /* Release */ = {
			isa = XCBuildConfiguration;
			buildSettings = {
				ASSETCATALOG_COMPILER_APPICON_NAME = AppIcon;
				INFOPLIST_FILE = aaaaaaaaaa/Info.plist;
				LD_RUNPATH_SEARCH_PATHS = "$(inherited) @executable_path/Frameworks";
				PRODUCT_BUNDLE_IDENTIFIER = S.aaaaaaaaaa;
				PRODUCT_NAME = "$(TARGET_NAME)";
			};
			name = Release;
		};
		C72C5CF61E3069B400629EF1 /* Debug */ = {
			isa = XCBuildConfiguration;
			buildSettings = {
				BUNDLE_LOADER = "$(TEST_HOST)";
				INFOPLIST_FILE = aaaaaaaaaaTests/Info.plist;
				LD_RUNPATH_SEARCH_PATHS = "$(inherited) @executable_path/Frameworks @loader_path/Frameworks";
				PRODUCT_BUNDLE_IDENTIFIER = S.aaaaaaaaaaTests;
				PRODUCT_NAME = "$(TARGET_NAME)";
				TEST_HOST = "$(BUILT_PRODUCTS_DIR)/aaaaaaaaaa.app/aaaaaaaaaa";
			};
			name = Debug;
		};
		C72C5CF71E3069B400629EF1 /* Release */ = {
			isa = XCBuildConfiguration;
			buildSettings = {
				BUNDLE_LOADER = "$(TEST_HOST)";
				INFOPLIST_FILE = aaaaaaaaaaTests/Info.plist;
				LD_RUNPATH_SEARCH_PATHS = "$(inherited) @executable_path/Frameworks @loader_path/Frameworks";
				PRODUCT_BUNDLE_IDENTIFIER = S.aaaaaaaaaaTests;
				PRODUCT_NAME = "$(TARGET_NAME)";
				TEST_HOST = "$(BUILT_PRODUCTS_DIR)/aaaaaaaaaa.app/aaaaaaaaaa";
			};
			name = Release;
		};
		C72C5CF91E3069B400629EF1 /* Debug */ = {
			isa = XCBuildConfiguration;
			buildSettings = {
				INFOPLIST_FILE = aaaaaaaaaaUITests/Info.plist;
				LD_RUNPATH_SEARCH_PATHS = "$(inherited) @executable_path/Frameworks @loader_path/Frameworks";
				PRODUCT_BUNDLE_IDENTIFIER = S.aaaaaaaaaaUITests;
				PRODUCT_NAME = "$(TARGET_NAME)";
				TEST_TARGET_NAME = aaaaaaaaaa;
			};
			name = Debug;
		};
		C72C5CFA1E3069B400629EF1 /* Release */ = {
			isa = XCBuildConfiguration;
			buildSettings = {
				INFOPLIST_FILE = aaaaaaaaaaUITests/Info.plist;
				LD_RUNPATH_SEARCH_PATHS = "$(inherited) @executable_path/Frameworks @loader_path/Frameworks";
				PRODUCT_BUNDLE_IDENTIFIER = S.aaaaaaaaaaUITests;
				PRODUCT_NAME = "$(TARGET_NAME)";
				TEST_TARGET_NAME = aaaaaaaaaa;
			};
			name = Release;
		};
/* End XCBuildConfiguration section */

/* Begin XCConfigurationList section */
		C72C5CC01E3069B400629EF1 /* Build configuration list for PBXProject "aaaaaaaaaa" */ = {
			isa = XCConfigurationList;
			buildConfigurations = (
				C72C5CF01E3069B400629EF1 /* Debug */,
				C72C5CF11E3069B400629EF1 /* Release */,
			);
			defaultConfigurationIsVisible = 0;
			defaultConfigurationName = Release;
		};
		C72C5CF21E3069B400629EF1 /* Build configuration list for PBXNativeTarget "aaaaaaaaaa" */ = {
			isa = XCConfigurationList;
			buildConfigurations = (
				C72C5CF31E3069B400629EF1 /* Debug */,
				C72C5CF41E3069B400629EF1 /* Release */,
			);
			defaultConfigurationIsVisible = 0;
			defaultConfigurationName = Release;
		};
		C72C5CF51E3069B400629EF1 /* Build configuration list for PBXNativeTarget "aaaaaaaaaaTests" */ = {
			isa = XCConfigurationList;
			buildConfigurations = (
				C72C5CF61E3069B400629EF1 /* Debug */,
				C72C5CF71E3069B400629EF1 /* Release */,
			);
			defaultConfigurationIsVisible = 0;
			defaultConfigurationName = Release;
		};
		C72C5CF81E3069B400629EF1 /* Build configuration list for PBXNativeTarget "aaaaaaaaaaUITests" */ = {
			isa = XCConfigurationList;
			buildConfigurations = (
				C72C5CF91E3069B400629EF1 /* Debug */,
				C72C5CFA1E3069B400629EF1 /* Release */,
			);
			defaultConfigurationIsVisible = 0;
			defaultConfigurationName = Release;
		};
/* End XCConfigurationList section */
	};
	rootObject = C72C5CBD1E3069B400629EF1 /* Project object */;
}
